
Microsoft Visual Studio Solution File, Format Version 12.00
# Visual Studio 15
VisualStudioVersion = 15.0.28307.168
MinimumVisualStudioVersion = 10.0.40219.1
Project("{262852C6-CD72-467D-83FE-5EEB1973A190}") = "C0744008", "C0744008\C0744008.jsproj", "{B9C2E7D2-CC9C-47E1-A841-8ED3E9533E27}"
EndProject
Global
	GlobalSection(SolutionConfigurationPlatforms) = preSolution
		Debug|Any CPU = Debug|Any CPU
		Debug|ARM = Debug|ARM
		Debug|ARM64 = Debug|ARM64
		Debug|x64 = Debug|x64
		Debug|x86 = Debug|x86
		Release|Any CPU = Release|Any CPU
		Release|ARM = Release|ARM
		Release|ARM64 = Release|ARM64
		Release|x64 = Release|x64
		Release|x86 = Release|x86
	EndGlobalSection
	GlobalSection(ProjectConfigurationPlatforms) = postSolution
		{B9C2E7D2-CC9C-47E1-A841-8ED3E9533E27}.Debug|Any CPU.ActiveCfg = Debug|Any CPU
		{B9C2E7D2-CC9C-47E1-A841-8ED3E9533E27}.Debug|Any CPU.Build.0 = Debug|Any CPU
		{B9C2E7D2-CC9C-47E1-A841-8ED3E9533E27}.Debug|Any CPU.Deploy.0 = Debug|Any CPU
		{B9C2E7D2-CC9C-47E1-A841-8ED3E9533E27}.Debug|ARM.ActiveCfg = Debug|ARM
		{B9C2E7D2-CC9C-47E1-A841-8ED3E9533E27}.Debug|ARM.Build.0 = Debug|ARM
		{B9C2E7D2-CC9C-47E1-A841-8ED3E9533E27}.Debug|ARM.Deploy.0 = Debug|ARM
		{B9C2E7D2-CC9C-47E1-A841-8ED3E9533E27}.Debug|ARM64.ActiveCfg = Debug|ARM64
		{B9C2E7D2-CC9C-47E1-A841-8ED3E9533E27}.Debug|ARM64.Build.0 = Debug|ARM64
		{B9C2E7D2-CC9C-47E1-A841-8ED3E9533E27}.Debug|ARM64.Deploy.0 = Debug|ARM64
		{B9C2E7D2-CC9C-47E1-A841-8ED3E9533E27}.Debug|x64.ActiveCfg = Debug|x64
		{B9C2E7D2-CC9C-47E1-A841-8ED3E9533E27}.Debug|x64.Build.0 = Debug|x64
		{B9C2E7D2-CC9C-47E1-A841-8ED3E9533E27}.Debug|x64.Deploy.0 = Debug|x64
		{B9C2E7D2-CC9C-47E1-A841-8ED3E9533E27}.Debug|x86.ActiveCfg = Debug|x86
		{B9C2E7D2-CC9C-47E1-A841-8ED3E9533E27}.Debug|x86.Build.0 = Debug|x86
		{B9C2E7D2-CC9C-47E1-A841-8ED3E9533E27}.Debug|x86.Deploy.0 = Debug|x86
		{B9C2E7D2-CC9C-47E1-A841-8ED3E9533E27}.Release|Any CPU.ActiveCfg = Release|Any CPU
		{B9C2E7D2-CC9C-47E1-A841-8ED3E9533E27}.Release|Any CPU.Build.0 = Release|Any CPU
		{B9C2E7D2-CC9C-47E1-A841-8ED3E9533E27}.Release|Any CPU.Deploy.0 = Release|Any CPU
		{B9C2E7D2-CC9C-47E1-A841-8ED3E9533E27}.Release|ARM.ActiveCfg = Release|ARM
		{B9C2E7D2-CC9C-47E1-A841-8ED3E9533E27}.Release|ARM.Build.0 = Release|ARM
		{B9C2E7D2-CC9C-47E1-A841-8ED3E9533E27}.Release|ARM.Deploy.0 = Release|ARM
		{B9C2E7D2-CC9C-47E1-A841-8ED3E9533E27}.Release|ARM64.ActiveCfg = Release|ARM64
		{B9C2E7D2-CC9C-47E1-A841-8ED3E9533E27}.Release|ARM64.Build.0 = Release|ARM64
		{B9C2E7D2-CC9C-47E1-A841-8ED3E9533E27}.Release|ARM64.Deploy.0 = Release|ARM64
		{B9C2E7D2-CC9C-47E1-A841-8ED3E9533E27}.Release|x64.ActiveCfg = Release|x64
		{B9C2E7D2-CC9C-47E1-A841-8ED3E9533E27}.Release|x64.Build.0 = Release|x64
		{B9C2E7D2-CC9C-47E1-A841-8ED3E9533E27}.Release|x64.Deploy.0 = Release|x64
		{B9C2E7D2-CC9C-47E1-A841-8ED3E9533E27}.Release|x86.ActiveCfg = Release|x86
		{B9C2E7D2-CC9C-47E1-A841-8ED3E9533E27}.Release|x86.Build.0 = Release|x86
		{B9C2E7D2-CC9C-47E1-A841-8ED3E9533E27}.Release|x86.Deploy.0 = Release|x86
	EndGlobalSection
	GlobalSection(SolutionProperties) = preSolution
		HideSolutionNode = FALSE
	EndGlobalSection
	GlobalSection(ExtensibilityGlobals) = postSolution
		SolutionGuid = {0099D649-FAEC-4F96-A0EB-2F35C47A6C85}
	EndGlobalSection
EndGlobal
